{
    "name": "contract",
    "version": "1.0.0",
    "lockfileVersion": 3,
    "requires": true,
    "packages": {
        "": {
            "name": "contract",
            "version": "1.0.0",
            "license": "MIT",
            "dependencies": {
                "@hyperionbt/helios": "0.14",
                "bs58": "^5.0.0"
            }
        },
        "node_modules/@hyperionbt/helios": {
            "version": "0.14.0",
            "resolved": "https://registry.npmjs.org/@hyperionbt/helios/-/helios-0.14.0.tgz",
            "integrity": "sha512-epDpKDNnjkiqNajML0/LRpPRkTcl9/gOU9lFoDhCoqP85omVsZEq2nTfVarW40wIfemYmj66iKBJyNmyMWh7Jw=="
        },
        "node_modules/base-x": {
            "version": "4.0.0",
            "resolved": "https://registry.npmjs.org/base-x/-/base-x-4.0.0.tgz",
            "integrity": "sha512-FuwxlW4H5kh37X/oW59pwTzzTKRzfrrQwhmyspRM7swOEZcHtDZSCt45U6oKgtuFE+WYPblePMVIPR4RZrh/hw=="
        },
        "node_modules/bs58": {
            "version": "5.0.0",
            "resolved": "https://registry.npmjs.org/bs58/-/bs58-5.0.0.tgz",
            "integrity": "sha512-r+ihvQJvahgYT50JD05dyJNKlmmSlMoOGwn1lCcEzanPglg7TxYjioQUYehQ9mAR/+hOSd2jRc/Z2y5UxBymvQ==",
            "dependencies": {
                "base-x": "^4.0.0"
            }
        }
    }
}
